
Microsoft Visual Studio Solution File, Format Version 12.00
# Visual Studio Version 16
VisualStudioVersion = 16.0.810.7
MinimumVisualStudioVersion = 10.0.40219.1
Project("{FAE04EC0-301F-11D3-BF4B-00C04F79EFBC}") = "ymchat.demo.Android", "ymchat.demo.Android\ymchat.demo.Android.csproj", "{10459D5B-7137-45AA-992E-F0BA4E93747D}"
EndProject
Project("{FAE04EC0-301F-11D3-BF4B-00C04F79EFBC}") = "ymchat.demo.iOS", "ymchat.demo.iOS\ymchat.demo.iOS.csproj", "{0B5FDE66-DF9E-45AA-B169-14E9CF25A241}"
EndProject
Project("{FAE04EC0-301F-11D3-BF4B-00C04F79EFBC}") = "ymchat.demo", "ymchat.demo\ymchat.demo.csproj", "{F4D035D1-E1DD-4A2B-AF23-11BE3D7FB837}"
EndProject
Global
	GlobalSection(SolutionConfigurationPlatforms) = preSolution
		Debug|Any CPU = Debug|Any CPU
		Release|Any CPU = Release|Any CPU
		Debug|iPhoneSimulator = Debug|iPhoneSimulator
		Release|iPhoneSimulator = Release|iPhoneSimulator
		Debug|iPhone = Debug|iPhone
		Release|iPhone = Release|iPhone
	EndGlobalSection
	GlobalSection(ProjectConfigurationPlatforms) = postSolution
		{10459D5B-7137-45AA-992E-F0BA4E93747D}.Debug|Any CPU.ActiveCfg = Debug|Any CPU
		{10459D5B-7137-45AA-992E-F0BA4E93747D}.Debug|Any CPU.Build.0 = Debug|Any CPU
		{10459D5B-7137-45AA-992E-F0BA4E93747D}.Release|Any CPU.ActiveCfg = Release|Any CPU
		{10459D5B-7137-45AA-992E-F0BA4E93747D}.Release|Any CPU.Build.0 = Release|Any CPU
		{10459D5B-7137-45AA-992E-F0BA4E93747D}.Debug|iPhoneSimulator.ActiveCfg = Debug|Any CPU
		{10459D5B-7137-45AA-992E-F0BA4E93747D}.Debug|iPhoneSimulator.Build.0 = Debug|Any CPU
		{10459D5B-7137-45AA-992E-F0BA4E93747D}.Release|iPhoneSimulator.ActiveCfg = Release|Any CPU
		{10459D5B-7137-45AA-992E-F0BA4E93747D}.Release|iPhoneSimulator.Build.0 = Release|Any CPU
		{10459D5B-7137-45AA-992E-F0BA4E93747D}.Debug|iPhone.ActiveCfg = Debug|Any CPU
		{10459D5B-7137-45AA-992E-F0BA4E93747D}.Debug|iPhone.Build.0 = Debug|Any CPU
		{10459D5B-7137-45AA-992E-F0BA4E93747D}.Release|iPhone.ActiveCfg = Release|Any CPU
		{10459D5B-7137-45AA-992E-F0BA4E93747D}.Release|iPhone.Build.0 = Release|Any CPU
		{0B5FDE66-DF9E-45AA-B169-14E9CF25A241}.Debug|Any CPU.ActiveCfg = Debug|iPhoneSimulator
		{0B5FDE66-DF9E-45AA-B169-14E9CF25A241}.Debug|Any CPU.Build.0 = Debug|iPhoneSimulator
		{0B5FDE66-DF9E-45AA-B169-14E9CF25A241}.Release|Any CPU.ActiveCfg = Release|iPhoneSimulator
		{0B5FDE66-DF9E-45AA-B169-14E9CF25A241}.Release|Any CPU.Build.0 = Release|iPhoneSimulator
		{0B5FDE66-DF9E-45AA-B169-14E9CF25A241}.Debug|iPhoneSimulator.ActiveCfg = Debug|iPhoneSimulator
		{0B5FDE66-DF9E-45AA-B169-14E9CF25A241}.Debug|iPhoneSimulator.Build.0 = Debug|iPhoneSimulator
		{0B5FDE66-DF9E-45AA-B169-14E9CF25A241}.Release|iPhoneSimulator.ActiveCfg = Release|iPhoneSimulator
		{0B5FDE66-DF9E-45AA-B169-14E9CF25A241}.Release|iPhoneSimulator.Build.0 = Release|iPhoneSimulator
		{0B5FDE66-DF9E-45AA-B169-14E9CF25A241}.Debug|iPhone.ActiveCfg = Debug|iPhone
		{0B5FDE66-DF9E-45AA-B169-14E9CF25A241}.Debug|iPhone.Build.0 = Debug|iPhone
		{0B5FDE66-DF9E-45AA-B169-14E9CF25A241}.Release|iPhone.ActiveCfg = Release|iPhone
		{0B5FDE66-DF9E-45AA-B169-14E9CF25A241}.Release|iPhone.Build.0 = Release|iPhone
		{F4D035D1-E1DD-4A2B-AF23-11BE3D7FB837}.Debug|Any CPU.ActiveCfg = Debug|Any CPU
		{F4D035D1-E1DD-4A2B-AF23-11BE3D7FB837}.Debug|Any CPU.Build.0 = Debug|Any CPU
		{F4D035D1-E1DD-4A2B-AF23-11BE3D7FB837}.Release|Any CPU.ActiveCfg = Release|Any CPU
		{F4D035D1-E1DD-4A2B-AF23-11BE3D7FB837}.Release|Any CPU.Build.0 = Release|Any CPU
		{F4D035D1-E1DD-4A2B-AF23-11BE3D7FB837}.Debug|iPhoneSimulator.ActiveCfg = Debug|Any CPU
		{F4D035D1-E1DD-4A2B-AF23-11BE3D7FB837}.Debug|iPhoneSimulator.Build.0 = Debug|Any CPU
		{F4D035D1-E1DD-4A2B-AF23-11BE3D7FB837}.Release|iPhoneSimulator.ActiveCfg = Release|Any CPU
		{F4D035D1-E1DD-4A2B-AF23-11BE3D7FB837}.Release|iPhoneSimulator.Build.0 = Release|Any CPU
		{F4D035D1-E1DD-4A2B-AF23-11BE3D7FB837}.Debug|iPhone.ActiveCfg = Debug|Any CPU
		{F4D035D1-E1DD-4A2B-AF23-11BE3D7FB837}.Debug|iPhone.Build.0 = Debug|Any CPU
		{F4D035D1-E1DD-4A2B-AF23-11BE3D7FB837}.Release|iPhone.ActiveCfg = Release|Any CPU
		{F4D035D1-E1DD-4A2B-AF23-11BE3D7FB837}.Release|iPhone.Build.0 = Release|Any CPU
	EndGlobalSection
	GlobalSection(SolutionProperties) = preSolution
		HideSolutionNode = FALSE
	EndGlobalSection
	GlobalSection(ExtensibilityGlobals) = postSolution
		SolutionGuid = {2FD664AD-FDD0-4ECA-AC94-5094DDA7C9A6}
	EndGlobalSection
EndGlobal
